// !$*UTF8*$!
{
	archiveVersion = 1;
	classes = {
	};
	objectVersion = 56;
	objects = {

/* Begin PBXBuildFile section */
		11354A022AD9350700924529 /* BaseCoordinator.swift in Sources */ = {isa = PBXBuildFile; fileRef = 11354A012AD9350700924529 /* BaseCoordinator.swift */; };
		11354A032AD9350700924529 /* BaseCoordinator.swift in Sources */ = {isa = PBXBuildFile; fileRef = 11354A012AD9350700924529 /* BaseCoordinator.swift */; };
		11354A0A2AD937F200924529 /* swift_inject.csv in Resources */ = {isa = PBXBuildFile; fileRef = 11354A092AD937F100924529 /* swift_inject.csv */; };
		11354A0B2AD937F200924529 /* swift_inject.csv in Resources */ = {isa = PBXBuildFile; fileRef = 11354A092AD937F100924529 /* swift_inject.csv */; };
		11354A0E2AD9383600924529 /* gen_swift_inject.sh in Resources */ = {isa = PBXBuildFile; fileRef = 11354A0D2AD9383600924529 /* gen_swift_inject.sh */; };
		11354A102AD93A7A00924529 /* Localizable+Generated.swift in Sources */ = {isa = PBXBuildFile; fileRef = 11354A0F2AD93A7A00924529 /* Localizable+Generated.swift */; };
		11354A142AD93B8C00924529 /* SwiftDI+Generated.swift in Sources */ = {isa = PBXBuildFile; fileRef = 11354A132AD93B8C00924529 /* SwiftDI+Generated.swift */; };
		11354A162AD9432000924529 /* AppCoordinator.swift in Sources */ = {isa = PBXBuildFile; fileRef = 11354A152AD9432000924529 /* AppCoordinator.swift */; };
		11354A172AD9432000924529 /* AppCoordinator.swift in Sources */ = {isa = PBXBuildFile; fileRef = 11354A152AD9432000924529 /* AppCoordinator.swift */; };
		11354A1B2AD94D2D00924529 /* AuthViewModel.swift in Sources */ = {isa = PBXBuildFile; fileRef = 11354A1A2AD94D2D00924529 /* AuthViewModel.swift */; };
		11354A1C2AD94D2D00924529 /* AuthViewModel.swift in Sources */ = {isa = PBXBuildFile; fileRef = 11354A1A2AD94D2D00924529 /* AuthViewModel.swift */; };
		11354A1F2AD94D6300924529 /* GetLocalAccessTokenUseCase.swift in Sources */ = {isa = PBXBuildFile; fileRef = 11354A1E2AD94D6300924529 /* GetLocalAccessTokenUseCase.swift */; };
		11354A202AD94D6300924529 /* GetLocalAccessTokenUseCase.swift in Sources */ = {isa = PBXBuildFile; fileRef = 11354A1E2AD94D6300924529 /* GetLocalAccessTokenUseCase.swift */; };
		11354A242AD95D6E00924529 /* UserManager.swift in Sources */ = {isa = PBXBuildFile; fileRef = 11354A232AD95D6E00924529 /* UserManager.swift */; };
		11354A252AD95D6E00924529 /* UserManager.swift in Sources */ = {isa = PBXBuildFile; fileRef = 11354A232AD95D6E00924529 /* UserManager.swift */; };
		11354A282AD95E2E00924529 /* AuthCoordinator.swift in Sources */ = {isa = PBXBuildFile; fileRef = 11354A272AD95E2E00924529 /* AuthCoordinator.swift */; };
		11354A292AD95E2E00924529 /* AuthCoordinator.swift in Sources */ = {isa = PBXBuildFile; fileRef = 11354A272AD95E2E00924529 /* AuthCoordinator.swift */; };
		11354A2D2AD97C0300924529 /* GetUserSessionStatusUseCase.swift in Sources */ = {isa = PBXBuildFile; fileRef = 11354A2C2AD97C0300924529 /* GetUserSessionStatusUseCase.swift */; };
		11354A2E2AD97C0300924529 /* GetUserSessionStatusUseCase.swift in Sources */ = {isa = PBXBuildFile; fileRef = 11354A2C2AD97C0300924529 /* GetUserSessionStatusUseCase.swift */; };
		11354A312AD990B600924529 /* BaseViewController.swift in Sources */ = {isa = PBXBuildFile; fileRef = 11354A302AD990B500924529 /* BaseViewController.swift */; };
		11354A322AD990B600924529 /* BaseViewController.swift in Sources */ = {isa = PBXBuildFile; fileRef = 11354A302AD990B500924529 /* BaseViewController.swift */; };
		11354A352ADB085A00924529 /* AppViewModel.swift in Sources */ = {isa = PBXBuildFile; fileRef = 11354A342ADB085A00924529 /* AppViewModel.swift */; };
		11354A362ADB085A00924529 /* AppViewModel.swift in Sources */ = {isa = PBXBuildFile; fileRef = 11354A342ADB085A00924529 /* AppViewModel.swift */; };
		11354A392ADBC62300924529 /* APIDataSource.swift in Sources */ = {isa = PBXBuildFile; fileRef = 11354A382ADBC62300924529 /* APIDataSource.swift */; };
		11354A3A2ADBC62300924529 /* APIDataSource.swift in Sources */ = {isa = PBXBuildFile; fileRef = 11354A382ADBC62300924529 /* APIDataSource.swift */; };
		11354A412ADD173200924529 /* AuthViewModel_Tests.swift in Sources */ = {isa = PBXBuildFile; fileRef = 11354A402ADD173200924529 /* AuthViewModel_Tests.swift */; };
		11354A432ADD18D900924529 /* GetUserSessionStatusUseCaseMock.swift in Sources */ = {isa = PBXBuildFile; fileRef = 11354A422ADD18D900924529 /* GetUserSessionStatusUseCaseMock.swift */; };
		11354A482ADD19CB00924529 /* Mock + Common .swift in Sources */ = {isa = PBXBuildFile; fileRef = 11354A472ADD19CB00924529 /* Mock + Common .swift */; };
		11354A4B2ADD3A7000924529 /* LoginViewModel_Test.swift in Sources */ = {isa = PBXBuildFile; fileRef = 11354A4A2ADD3A7000924529 /* LoginViewModel_Test.swift */; };
		11B42DCA2AD7FC2100E83190 /* AppDelegate.swift in Sources */ = {isa = PBXBuildFile; fileRef = 11B42DC92AD7FC2100E83190 /* AppDelegate.swift */; };
		11B42DCC2AD7FC2100E83190 /* SceneDelegate.swift in Sources */ = {isa = PBXBuildFile; fileRef = 11B42DCB2AD7FC2100E83190 /* SceneDelegate.swift */; };
		11B42DCE2AD7FC2100E83190 /* LoginViewController.swift in Sources */ = {isa = PBXBuildFile; fileRef = 11B42DCD2AD7FC2100E83190 /* LoginViewController.swift */; };
		11B42DD12AD7FC2100E83190 /* Main.storyboard in Resources */ = {isa = PBXBuildFile; fileRef = 11B42DCF2AD7FC2100E83190 /* Main.storyboard */; };
		11B42DD62AD7FC2300E83190 /* LaunchScreen.storyboard in Resources */ = {isa = PBXBuildFile; fileRef = 11B42DD42AD7FC2300E83190 /* LaunchScreen.storyboard */; };
		11B42DE12AD7FC2300E83190 /* Clean_Architecture_MVVMCTests.swift in Sources */ = {isa = PBXBuildFile; fileRef = 11B42DE02AD7FC2300E83190 /* Clean_Architecture_MVVMCTests.swift */; };
		11B42DFC2AD7FD6B00E83190 /* Assets.xcassets in Resources */ = {isa = PBXBuildFile; fileRef = 11B42DFA2AD7FD6B00E83190 /* Assets.xcassets */; };
		11B42DFD2AD7FD6B00E83190 /* Localizable in Resources */ = {isa = PBXBuildFile; fileRef = 11B42DFB2AD7FD6B00E83190 /* Localizable */; };
		11B42DFF2AD7FE8700E83190 /* swiftgen.yml in Resources */ = {isa = PBXBuildFile; fileRef = 11B42DFE2AD7FE8700E83190 /* swiftgen.yml */; };
		11B42E042AD7FEEE00E83190 /* gen_resources.sh in Resources */ = {isa = PBXBuildFile; fileRef = 11B42E032AD7FEEE00E83190 /* gen_resources.sh */; };
		11B42E082AD7FFEF00E83190 /* XCAssets+Generated.swift in Sources */ = {isa = PBXBuildFile; fileRef = 11B42E062AD7FFEF00E83190 /* XCAssets+Generated.swift */; };
		11B42E0E2AD802AD00E83190 /* .gitignore in Resources */ = {isa = PBXBuildFile; fileRef = 11B42E0D2AD802AD00E83190 /* .gitignore */; };
		11B42E202AD8F73100E83190 /* UseCase.swift in Sources */ = {isa = PBXBuildFile; fileRef = 11B42E1F2AD8F73100E83190 /* UseCase.swift */; };
		11B42E212AD8F73100E83190 /* UseCase.swift in Sources */ = {isa = PBXBuildFile; fileRef = 11B42E1F2AD8F73100E83190 /* UseCase.swift */; };
		11B42E242AD8FABD00E83190 /* AuthenticationRepository.swift in Sources */ = {isa = PBXBuildFile; fileRef = 11B42E232AD8FABD00E83190 /* AuthenticationRepository.swift */; };
		11B42E252AD8FABD00E83190 /* AuthenticationRepository.swift in Sources */ = {isa = PBXBuildFile; fileRef = 11B42E232AD8FABD00E83190 /* AuthenticationRepository.swift */; };
		11B42E282AD8FB6100E83190 /* AuthenticationRepositoryImpl.swift in Sources */ = {isa = PBXBuildFile; fileRef = 11B42E272AD8FB6100E83190 /* AuthenticationRepositoryImpl.swift */; };
		11B42E292AD8FB6100E83190 /* AuthenticationRepositoryImpl.swift in Sources */ = {isa = PBXBuildFile; fileRef = 11B42E272AD8FB6100E83190 /* AuthenticationRepositoryImpl.swift */; };
		11B42E2C2AD8FD0400E83190 /* ProfileEntity.swift in Sources */ = {isa = PBXBuildFile; fileRef = 11B42E2B2AD8FD0400E83190 /* ProfileEntity.swift */; };
		11B42E2D2AD8FD0400E83190 /* ProfileEntity.swift in Sources */ = {isa = PBXBuildFile; fileRef = 11B42E2B2AD8FD0400E83190 /* ProfileEntity.swift */; };
		11B42E312AD8FD8400E83190 /* LoginUserUseCase.swift in Sources */ = {isa = PBXBuildFile; fileRef = 11B42E302AD8FD8400E83190 /* LoginUserUseCase.swift */; };
		11B42E322AD8FD8400E83190 /* LoginUserUseCase.swift in Sources */ = {isa = PBXBuildFile; fileRef = 11B42E302AD8FD8400E83190 /* LoginUserUseCase.swift */; };
		11B42E352AD900BA00E83190 /* LoginViewModel.swift in Sources */ = {isa = PBXBuildFile; fileRef = 11B42E342AD900BA00E83190 /* LoginViewModel.swift */; };
		11B42E362AD900BA00E83190 /* LoginViewModel.swift in Sources */ = {isa = PBXBuildFile; fileRef = 11B42E342AD900BA00E83190 /* LoginViewModel.swift */; };
		11B42E3A2AD900D900E83190 /* BaseViewModel.swift in Sources */ = {isa = PBXBuildFile; fileRef = 11B42E392AD900D900E83190 /* BaseViewModel.swift */; };
		11B42E3B2AD900D900E83190 /* BaseViewModel.swift in Sources */ = {isa = PBXBuildFile; fileRef = 11B42E392AD900D900E83190 /* BaseViewModel.swift */; };
		9A61B2B86C08BE3926C49F21 /* Pods_Clean_Architecture_MVVMC.framework in Frameworks */ = {isa = PBXBuildFile; fileRef = 309E4FF10794846790E10EA5 /* Pods_Clean_Architecture_MVVMC.framework */; };
		D24189EAB48C9D4A93A0F454 /* Pods_Clean_Architecture_MVVMCTests.framework in Frameworks */ = {isa = PBXBuildFile; fileRef = 568EBFD458EE2219BBD9F3B9 /* Pods_Clean_Architecture_MVVMCTests.framework */; };
/* End PBXBuildFile section */

/* Begin PBXContainerItemProxy section */
		11B42DDD2AD7FC2300E83190 /* PBXContainerItemProxy */ = {
			isa = PBXContainerItemProxy;
			containerPortal = 11B42DBE2AD7FC2100E83190 /* Project object */;
			proxyType = 1;
			remoteGlobalIDString = 11B42DC52AD7FC2100E83190;
			remoteInfo = Clean_Architecture_MVVMC;
		};
/* End PBXContainerItemProxy section */

/* Begin PBXFileReference section */
		11354A012AD9350700924529 /* BaseCoordinator.swift */ = {isa = PBXFileReference; lastKnownFileType = sourcecode.swift; path = BaseCoordinator.swift; sourceTree = "<group>"; };
		11354A092AD937F100924529 /* swift_inject.csv */ = {isa = PBXFileReference; fileEncoding = 4; lastKnownFileType = text; path = swift_inject.csv; sourceTree = "<group>"; };
		11354A0D2AD9383600924529 /* gen_swift_inject.sh */ = {isa = PBXFileReference; fileEncoding = 4; lastKnownFileType = text.script.sh; path = gen_swift_inject.sh; sourceTree = "<group>"; };
		11354A0F2AD93A7A00924529 /* Localizable+Generated.swift */ = {isa = PBXFileReference; fileEncoding = 4; lastKnownFileType = sourcecode.swift; path = "Localizable+Generated.swift"; sourceTree = "<group>"; };
		11354A132AD93B8C00924529 /* SwiftDI+Generated.swift */ = {isa = PBXFileReference; fileEncoding = 4; lastKnownFileType = sourcecode.swift; path = "SwiftDI+Generated.swift"; sourceTree = "<group>"; };
		11354A152AD9432000924529 /* AppCoordinator.swift */ = {isa = PBXFileReference; lastKnownFileType = sourcecode.swift; path = AppCoordinator.swift; sourceTree = "<group>"; };
		11354A1A2AD94D2D00924529 /* AuthViewModel.swift */ = {isa = PBXFileReference; lastKnownFileType = sourcecode.swift; path = AuthViewModel.swift; sourceTree = "<group>"; };
		11354A1E2AD94D6300924529 /* GetLocalAccessTokenUseCase.swift */ = {isa = PBXFileReference; lastKnownFileType = sourcecode.swift; path = GetLocalAccessTokenUseCase.swift; sourceTree = "<group>"; };
		11354A232AD95D6E00924529 /* UserManager.swift */ = {isa = PBXFileReference; lastKnownFileType = sourcecode.swift; path = UserManager.swift; sourceTree = "<group>"; };
		11354A272AD95E2E00924529 /* AuthCoordinator.swift */ = {isa = PBXFileReference; lastKnownFileType = sourcecode.swift; path = AuthCoordinator.swift; sourceTree = "<group>"; };
		11354A2C2AD97C0300924529 /* GetUserSessionStatusUseCase.swift */ = {isa = PBXFileReference; lastKnownFileType = sourcecode.swift; path = GetUserSessionStatusUseCase.swift; sourceTree = "<group>"; };
		11354A302AD990B500924529 /* BaseViewController.swift */ = {isa = PBXFileReference; lastKnownFileType = sourcecode.swift; path = BaseViewController.swift; sourceTree = "<group>"; };
		11354A342ADB085A00924529 /* AppViewModel.swift */ = {isa = PBXFileReference; lastKnownFileType = sourcecode.swift; path = AppViewModel.swift; sourceTree = "<group>"; };
		11354A382ADBC62300924529 /* APIDataSource.swift */ = {isa = PBXFileReference; lastKnownFileType = sourcecode.swift; path = APIDataSource.swift; sourceTree = "<group>"; };
		11354A402ADD173200924529 /* AuthViewModel_Tests.swift */ = {isa = PBXFileReference; lastKnownFileType = sourcecode.swift; path = AuthViewModel_Tests.swift; sourceTree = "<group>"; };
		11354A422ADD18D900924529 /* GetUserSessionStatusUseCaseMock.swift */ = {isa = PBXFileReference; lastKnownFileType = sourcecode.swift; path = GetUserSessionStatusUseCaseMock.swift; sourceTree = "<group>"; };
		11354A472ADD19CB00924529 /* Mock + Common .swift */ = {isa = PBXFileReference; lastKnownFileType = sourcecode.swift; path = "Mock + Common .swift"; sourceTree = "<group>"; };
		11354A4A2ADD3A7000924529 /* LoginViewModel_Test.swift */ = {isa = PBXFileReference; lastKnownFileType = sourcecode.swift; path = LoginViewModel_Test.swift; sourceTree = "<group>"; };
		11B42DC62AD7FC2100E83190 /* Clean_Architecture_MVVMC.app */ = {isa = PBXFileReference; explicitFileType = wrapper.application; includeInIndex = 0; path = Clean_Architecture_MVVMC.app; sourceTree = BUILT_PRODUCTS_DIR; };
		11B42DC92AD7FC2100E83190 /* AppDelegate.swift */ = {isa = PBXFileReference; lastKnownFileType = sourcecode.swift; path = AppDelegate.swift; sourceTree = "<group>"; };
		11B42DCB2AD7FC2100E83190 /* SceneDelegate.swift */ = {isa = PBXFileReference; lastKnownFileType = sourcecode.swift; path = SceneDelegate.swift; sourceTree = "<group>"; };
		11B42DCD2AD7FC2100E83190 /* LoginViewController.swift */ = {isa = PBXFileReference; lastKnownFileType = sourcecode.swift; path = LoginViewController.swift; sourceTree = "<group>"; };
		11B42DD02AD7FC2100E83190 /* Base */ = {isa = PBXFileReference; lastKnownFileType = file.storyboard; name = Base; path = Base.lproj/Main.storyboard; sourceTree = "<group>"; };
		11B42DD52AD7FC2300E83190 /* Base */ = {isa = PBXFileReference; lastKnownFileType = file.storyboard; name = Base; path = Base.lproj/LaunchScreen.storyboard; sourceTree = "<group>"; };
		11B42DD72AD7FC2300E83190 /* Info.plist */ = {isa = PBXFileReference; lastKnownFileType = text.plist.xml; path = Info.plist; sourceTree = "<group>"; };
		11B42DDC2AD7FC2300E83190 /* Clean_Architecture_MVVMCTests.xctest */ = {isa = PBXFileReference; explicitFileType = wrapper.cfbundle; includeInIndex = 0; path = Clean_Architecture_MVVMCTests.xctest; sourceTree = BUILT_PRODUCTS_DIR; };
		11B42DE02AD7FC2300E83190 /* Clean_Architecture_MVVMCTests.swift */ = {isa = PBXFileReference; lastKnownFileType = sourcecode.swift; path = Clean_Architecture_MVVMCTests.swift; sourceTree = "<group>"; };
		11B42DFA2AD7FD6B00E83190 /* Assets.xcassets */ = {isa = PBXFileReference; lastKnownFileType = folder.assetcatalog; path = Assets.xcassets; sourceTree = "<group>"; };
		11B42DFB2AD7FD6B00E83190 /* Localizable */ = {isa = PBXFileReference; lastKnownFileType = folder; path = Localizable; sourceTree = "<group>"; };
		11B42DFE2AD7FE8700E83190 /* swiftgen.yml */ = {isa = PBXFileReference; fileEncoding = 4; lastKnownFileType = text.yaml; path = swiftgen.yml; sourceTree = "<group>"; };
		11B42E032AD7FEEE00E83190 /* gen_resources.sh */ = {isa = PBXFileReference; fileEncoding = 4; lastKnownFileType = text.script.sh; path = gen_resources.sh; sourceTree = "<group>"; };
		11B42E062AD7FFEF00E83190 /* XCAssets+Generated.swift */ = {isa = PBXFileReference; fileEncoding = 4; lastKnownFileType = sourcecode.swift; path = "XCAssets+Generated.swift"; sourceTree = "<group>"; };
		11B42E0D2AD802AD00E83190 /* .gitignore */ = {isa = PBXFileReference; fileEncoding = 4; lastKnownFileType = text; path = .gitignore; sourceTree = "<group>"; };
		11B42E1F2AD8F73100E83190 /* UseCase.swift */ = {isa = PBXFileReference; lastKnownFileType = sourcecode.swift; path = UseCase.swift; sourceTree = "<group>"; };
		11B42E232AD8FABD00E83190 /* AuthenticationRepository.swift */ = {isa = PBXFileReference; lastKnownFileType = sourcecode.swift; path = AuthenticationRepository.swift; sourceTree = "<group>"; };
		11B42E272AD8FB6100E83190 /* AuthenticationRepositoryImpl.swift */ = {isa = PBXFileReference; lastKnownFileType = sourcecode.swift; path = AuthenticationRepositoryImpl.swift; sourceTree = "<group>"; };
		11B42E2B2AD8FD0400E83190 /* ProfileEntity.swift */ = {isa = PBXFileReference; lastKnownFileType = sourcecode.swift; path = ProfileEntity.swift; sourceTree = "<group>"; };
		11B42E302AD8FD8400E83190 /* LoginUserUseCase.swift */ = {isa = PBXFileReference; lastKnownFileType = sourcecode.swift; path = LoginUserUseCase.swift; sourceTree = "<group>"; };
		11B42E342AD900BA00E83190 /* LoginViewModel.swift */ = {isa = PBXFileReference; lastKnownFileType = sourcecode.swift; path = LoginViewModel.swift; sourceTree = "<group>"; };
		11B42E392AD900D900E83190 /* BaseViewModel.swift */ = {isa = PBXFileReference; lastKnownFileType = sourcecode.swift; path = BaseViewModel.swift; sourceTree = "<group>"; };
		309E4FF10794846790E10EA5 /* Pods_Clean_Architecture_MVVMC.framework */ = {isa = PBXFileReference; explicitFileType = wrapper.framework; includeInIndex = 0; path = Pods_Clean_Architecture_MVVMC.framework; sourceTree = BUILT_PRODUCTS_DIR; };
		568EBFD458EE2219BBD9F3B9 /* Pods_Clean_Architecture_MVVMCTests.framework */ = {isa = PBXFileReference; explicitFileType = wrapper.framework; includeInIndex = 0; path = Pods_Clean_Architecture_MVVMCTests.framework; sourceTree = BUILT_PRODUCTS_DIR; };
		5CF4E85D72198F5E60F80B29 /* Pods-Clean_Architecture_MVVMC.release.xcconfig */ = {isa = PBXFileReference; includeInIndex = 1; lastKnownFileType = text.xcconfig; name = "Pods-Clean_Architecture_MVVMC.release.xcconfig"; path = "Target Support Files/Pods-Clean_Architecture_MVVMC/Pods-Clean_Architecture_MVVMC.release.xcconfig"; sourceTree = "<group>"; };
		B190AF60B5C93C8F834D011D /* Pods-Clean_Architecture_MVVMC.debug.xcconfig */ = {isa = PBXFileReference; includeInIndex = 1; lastKnownFileType = text.xcconfig; name = "Pods-Clean_Architecture_MVVMC.debug.xcconfig"; path = "Target Support Files/Pods-Clean_Architecture_MVVMC/Pods-Clean_Architecture_MVVMC.debug.xcconfig"; sourceTree = "<group>"; };
		B87FA87A661548AFBF9ACC18 /* Pods-Clean_Architecture_MVVMCTests.release.xcconfig */ = {isa = PBXFileReference; includeInIndex = 1; lastKnownFileType = text.xcconfig; name = "Pods-Clean_Architecture_MVVMCTests.release.xcconfig"; path = "Target Support Files/Pods-Clean_Architecture_MVVMCTests/Pods-Clean_Architecture_MVVMCTests.release.xcconfig"; sourceTree = "<group>"; };
		C7BF82AECEB2CA1397107ACF /* Pods_Clean_Architecture_MVVMC_Clean_Architecture_MVVMCUITests.framework */ = {isa = PBXFileReference; explicitFileType = wrapper.framework; includeInIndex = 0; path = Pods_Clean_Architecture_MVVMC_Clean_Architecture_MVVMCUITests.framework; sourceTree = BUILT_PRODUCTS_DIR; };
		C84B535404AB792F5C217E6F /* Pods-Clean_Architecture_MVVMC-Clean_Architecture_MVVMCUITests.debug.xcconfig */ = {isa = PBXFileReference; includeInIndex = 1; lastKnownFileType = text.xcconfig; name = "Pods-Clean_Architecture_MVVMC-Clean_Architecture_MVVMCUITests.debug.xcconfig"; path = "Target Support Files/Pods-Clean_Architecture_MVVMC-Clean_Architecture_MVVMCUITests/Pods-Clean_Architecture_MVVMC-Clean_Architecture_MVVMCUITests.debug.xcconfig"; sourceTree = "<group>"; };
		ECCE33216BBD1EBFB308DB19 /* Pods-Clean_Architecture_MVVMCTests.debug.xcconfig */ = {isa = PBXFileReference; includeInIndex = 1; lastKnownFileType = text.xcconfig; name = "Pods-Clean_Architecture_MVVMCTests.debug.xcconfig"; path = "Target Support Files/Pods-Clean_Architecture_MVVMCTests/Pods-Clean_Architecture_MVVMCTests.debug.xcconfig"; sourceTree = "<group>"; };
		F0D56E54737028D3CAAFCD62 /* Pods-Clean_Architecture_MVVMC-Clean_Architecture_MVVMCUITests.release.xcconfig */ = {isa = PBXFileReference; includeInIndex = 1; lastKnownFileType = text.xcconfig; name = "Pods-Clean_Architecture_MVVMC-Clean_Architecture_MVVMCUITests.release.xcconfig"; path = "Target Support Files/Pods-Clean_Architecture_MVVMC-Clean_Architecture_MVVMCUITests/Pods-Clean_Architecture_MVVMC-Clean_Architecture_MVVMCUITests.release.xcconfig"; sourceTree = "<group>"; };
/* End PBXFileReference section */

/* Begin PBXFrameworksBuildPhase section */
		11B42DC32AD7FC2100E83190 /* Frameworks */ = {
			isa = PBXFrameworksBuildPhase;
			buildActionMask = 2147483647;
			files = (
				9A61B2B86C08BE3926C49F21 /* Pods_Clean_Architecture_MVVMC.framework in Frameworks */,
			);
			runOnlyForDeploymentPostprocessing = 0;
		};
		11B42DD92AD7FC2300E83190 /* Frameworks */ = {
			isa = PBXFrameworksBuildPhase;
			buildActionMask = 2147483647;
			files = (
				D24189EAB48C9D4A93A0F454 /* Pods_Clean_Architecture_MVVMCTests.framework in Frameworks */,
			);
			runOnlyForDeploymentPostprocessing = 0;
		};
/* End PBXFrameworksBuildPhase section */

/* Begin PBXGroup section */
		11354A192AD94D1900924529 /* Auth */ = {
			isa = PBXGroup;
			children = (
				11B42E1B2AD842CD00E83190 /* Login */,
				11354A1A2AD94D2D00924529 /* AuthViewModel.swift */,
				11354A272AD95E2E00924529 /* AuthCoordinator.swift */,
			);
			path = Auth;
			sourceTree = "<group>";
		};
		11354A222AD95D5600924529 /* UserManager */ = {
			isa = PBXGroup;
			children = (
				11354A232AD95D6E00924529 /* UserManager.swift */,
			);
			name = UserManager;
			path = "Ủe";
			sourceTree = "<group>";
		};
		11354A2B2AD95E6E00924529 /* Main */ = {
			isa = PBXGroup;
			children = (
			);
			path = Main;
			sourceTree = "<group>";
		};
		11354A3C2ADD16DC00924529 /* Domain */ = {
			isa = PBXGroup;
			children = (
				11354A442ADD18F000924529 /* UseCase */,
			);
			path = Domain;
			sourceTree = "<group>";
		};
		11354A3E2ADD16EA00924529 /* Presentation */ = {
			isa = PBXGroup;
			children = (
				11354A492ADD3A5F00924529 /* Login */,
				11354A3F2ADD171800924529 /* Auth */,
			);
			path = Presentation;
			sourceTree = "<group>";
		};
		11354A3F2ADD171800924529 /* Auth */ = {
			isa = PBXGroup;
			children = (
				11354A402ADD173200924529 /* AuthViewModel_Tests.swift */,
			);
			path = Auth;
			sourceTree = "<group>";
		};
		11354A442ADD18F000924529 /* UseCase */ = {
			isa = PBXGroup;
			children = (
				11354A422ADD18D900924529 /* GetUserSessionStatusUseCaseMock.swift */,
			);
			path = UseCase;
			sourceTree = "<group>";
		};
		11354A492ADD3A5F00924529 /* Login */ = {
			isa = PBXGroup;
			children = (
				11354A4A2ADD3A7000924529 /* LoginViewModel_Test.swift */,
			);
			path = Login;
			sourceTree = "<group>";
		};
		11B42DBD2AD7FC2100E83190 = {
			isa = PBXGroup;
			children = (
				11354A092AD937F100924529 /* swift_inject.csv */,
				11B42E0D2AD802AD00E83190 /* .gitignore */,
				11B42E002AD7FEB500E83190 /* scripts */,
				11B42DFE2AD7FE8700E83190 /* swiftgen.yml */,
				11B42DC82AD7FC2100E83190 /* Clean_Architecture_MVVMC */,
				11B42DDF2AD7FC2300E83190 /* Clean_Architecture_MVVMCTests */,
				11B42DC72AD7FC2100E83190 /* Products */,
				740CDEF9339627F4A26EABA3 /* Pods */,
				F692842F46DDB5784D5C1EBE /* Frameworks */,
			);
			sourceTree = "<group>";
		};
		11B42DC72AD7FC2100E83190 /* Products */ = {
			isa = PBXGroup;
			children = (
				11B42DC62AD7FC2100E83190 /* Clean_Architecture_MVVMC.app */,
				11B42DDC2AD7FC2300E83190 /* Clean_Architecture_MVVMCTests.xctest */,
			);
			name = Products;
			sourceTree = "<group>";
		};
		11B42DC82AD7FC2100E83190 /* Clean_Architecture_MVVMC */ = {
			isa = PBXGroup;
			children = (
				11B42E1D2AD84DF600E83190 /* Application */,
				11B42E122AD8407E00E83190 /* Data */,
				11B42E112AD8404900E83190 /* Domain */,
				11B42E102AD8403800E83190 /* Presentation */,
				11B42E052AD7FFD600E83190 /* Generated */,
				11B42DF92AD7FCCF00E83190 /* Resources */,
				11B42DD72AD7FC2300E83190 /* Info.plist */,
			);
			path = Clean_Architecture_MVVMC;
			sourceTree = "<group>";
		};
		11B42DDF2AD7FC2300E83190 /* Clean_Architecture_MVVMCTests */ = {
			isa = PBXGroup;
			children = (
				11354A3E2ADD16EA00924529 /* Presentation */,
				11354A3C2ADD16DC00924529 /* Domain */,
				11B42DE02AD7FC2300E83190 /* Clean_Architecture_MVVMCTests.swift */,
				11354A472ADD19CB00924529 /* Mock + Common .swift */,
			);
			path = Clean_Architecture_MVVMCTests;
			sourceTree = "<group>";
		};
		11B42DF92AD7FCCF00E83190 /* Resources */ = {
			isa = PBXGroup;
			children = (
				11B42DFA2AD7FD6B00E83190 /* Assets.xcassets */,
				11B42DFB2AD7FD6B00E83190 /* Localizable */,
			);
			path = Resources;
			sourceTree = "<group>";
		};
		11B42E002AD7FEB500E83190 /* scripts */ = {
			isa = PBXGroup;
			children = (
				11354A0D2AD9383600924529 /* gen_swift_inject.sh */,
				11B42E032AD7FEEE00E83190 /* gen_resources.sh */,
			);
			path = scripts;
			sourceTree = "<group>";
		};
		11B42E052AD7FFD600E83190 /* Generated */ = {
			isa = PBXGroup;
			children = (
				11354A132AD93B8C00924529 /* SwiftDI+Generated.swift */,
				11354A0F2AD93A7A00924529 /* Localizable+Generated.swift */,
				11B42E062AD7FFEF00E83190 /* XCAssets+Generated.swift */,
			);
			path = Generated;
			sourceTree = "<group>";
		};
		11B42E0F2AD8401D00E83190 /* Storyboard */ = {
			isa = PBXGroup;
			children = (
				11B42DCF2AD7FC2100E83190 /* Main.storyboard */,
				11B42DD42AD7FC2300E83190 /* LaunchScreen.storyboard */,
			);
			path = Storyboard;
			sourceTree = "<group>";
		};
		11B42E102AD8403800E83190 /* Presentation */ = {
			isa = PBXGroup;
			children = (
				11B42E1C2AD842D700E83190 /* Scenes */,
				11B42E0F2AD8401D00E83190 /* Storyboard */,
			);
			path = Presentation;
			sourceTree = "<group>";
		};
		11B42E112AD8404900E83190 /* Domain */ = {
			isa = PBXGroup;
			children = (
				11B42E152AD8419F00E83190 /* Repository */,
				11B42E142AD8418000E83190 /* Usecases */,
				11B42E132AD8417600E83190 /* Entities */,
			);
			path = Domain;
			sourceTree = "<group>";
		};
		11B42E122AD8407E00E83190 /* Data */ = {
			isa = PBXGroup;
			children = (
				11B42E172AD8422A00E83190 /* Datasource */,
				11B42E162AD8420F00E83190 /* Repositories */,
			);
			path = Data;
			sourceTree = "<group>";
		};
		11B42E132AD8417600E83190 /* Entities */ = {
			isa = PBXGroup;
			children = (
				11B42E2B2AD8FD0400E83190 /* ProfileEntity.swift */,
			);
			path = Entities;
			sourceTree = "<group>";
		};
		11B42E142AD8418000E83190 /* Usecases */ = {
			isa = PBXGroup;
			children = (
				11B42E1E2AD84E2600E83190 /* Interface */,
				11B42E302AD8FD8400E83190 /* LoginUserUseCase.swift */,
				11354A1E2AD94D6300924529 /* GetLocalAccessTokenUseCase.swift */,
				11354A2C2AD97C0300924529 /* GetUserSessionStatusUseCase.swift */,
			);
			path = Usecases;
			sourceTree = "<group>";
		};
		11B42E152AD8419F00E83190 /* Repository */ = {
			isa = PBXGroup;
			children = (
				11B42E232AD8FABD00E83190 /* AuthenticationRepository.swift */,
			);
			path = Repository;
			sourceTree = "<group>";
		};
		11B42E162AD8420F00E83190 /* Repositories */ = {
			isa = PBXGroup;
			children = (
				11B42E272AD8FB6100E83190 /* AuthenticationRepositoryImpl.swift */,
			);
			path = Repositories;
			sourceTree = "<group>";
		};
		11B42E172AD8422A00E83190 /* Datasource */ = {
			isa = PBXGroup;
			children = (
				11B42E192AD8424400E83190 /* Database */,
				11B42E182AD8423700E83190 /* API */,
			);
			path = Datasource;
			sourceTree = "<group>";
		};
		11B42E182AD8423700E83190 /* API */ = {
			isa = PBXGroup;
			children = (
				11354A382ADBC62300924529 /* APIDataSource.swift */,
			);
			path = API;
			sourceTree = "<group>";
		};
		11B42E192AD8424400E83190 /* Database */ = {
			isa = PBXGroup;
			children = (
				11354A222AD95D5600924529 /* UserManager */,
			);
			path = Database;
			sourceTree = "<group>";
		};
		11B42E1B2AD842CD00E83190 /* Login */ = {
			isa = PBXGroup;
			children = (
				11B42DCD2AD7FC2100E83190 /* LoginViewController.swift */,
				11B42E342AD900BA00E83190 /* LoginViewModel.swift */,
			);
			path = Login;
			sourceTree = "<group>";
		};
		11B42E1C2AD842D700E83190 /* Scenes */ = {
			isa = PBXGroup;
			children = (
				11354A2B2AD95E6E00924529 /* Main */,
				11354A192AD94D1900924529 /* Auth */,
				11B42E382AD900C300E83190 /* Base */,
				11354A342ADB085A00924529 /* AppViewModel.swift */,
				11354A152AD9432000924529 /* AppCoordinator.swift */,
			);
			path = Scenes;
			sourceTree = "<group>";
		};
		11B42E1D2AD84DF600E83190 /* Application */ = {
			isa = PBXGroup;
			children = (
				11B42DC92AD7FC2100E83190 /* AppDelegate.swift */,
				11B42DCB2AD7FC2100E83190 /* SceneDelegate.swift */,
			);
			path = Application;
			sourceTree = "<group>";
		};
		11B42E1E2AD84E2600E83190 /* Interface */ = {
			isa = PBXGroup;
			children = (
				11B42E1F2AD8F73100E83190 /* UseCase.swift */,
			);
			path = Interface;
			sourceTree = "<group>";
		};
		11B42E382AD900C300E83190 /* Base */ = {
			isa = PBXGroup;
			children = (
				11B42E392AD900D900E83190 /* BaseViewModel.swift */,
				11354A012AD9350700924529 /* BaseCoordinator.swift */,
				11354A302AD990B500924529 /* BaseViewController.swift */,
			);
			path = Base;
			sourceTree = "<group>";
		};
		740CDEF9339627F4A26EABA3 /* Pods */ = {
			isa = PBXGroup;
			children = (
				B190AF60B5C93C8F834D011D /* Pods-Clean_Architecture_MVVMC.debug.xcconfig */,
				5CF4E85D72198F5E60F80B29 /* Pods-Clean_Architecture_MVVMC.release.xcconfig */,
				C84B535404AB792F5C217E6F /* Pods-Clean_Architecture_MVVMC-Clean_Architecture_MVVMCUITests.debug.xcconfig */,
				F0D56E54737028D3CAAFCD62 /* Pods-Clean_Architecture_MVVMC-Clean_Architecture_MVVMCUITests.release.xcconfig */,
				ECCE33216BBD1EBFB308DB19 /* Pods-Clean_Architecture_MVVMCTests.debug.xcconfig */,
				B87FA87A661548AFBF9ACC18 /* Pods-Clean_Architecture_MVVMCTests.release.xcconfig */,
			);
			path = Pods;
			sourceTree = "<group>";
		};
		F692842F46DDB5784D5C1EBE /* Frameworks */ = {
			isa = PBXGroup;
			children = (
				309E4FF10794846790E10EA5 /* Pods_Clean_Architecture_MVVMC.framework */,
				C7BF82AECEB2CA1397107ACF /* Pods_Clean_Architecture_MVVMC_Clean_Architecture_MVVMCUITests.framework */,
				568EBFD458EE2219BBD9F3B9 /* Pods_Clean_Architecture_MVVMCTests.framework */,
			);
			name = Frameworks;
			sourceTree = "<group>";
		};
/* End PBXGroup section */

/* Begin PBXNativeTarget section */
		11B42DC52AD7FC2100E83190 /* Clean_Architecture_MVVMC */ = {
			isa = PBXNativeTarget;
			buildConfigurationList = 11B42DF02AD7FC2300E83190 /* Build configuration list for PBXNativeTarget "Clean_Architecture_MVVMC" */;
			buildPhases = (
				4178978A76469701207BC13F /* [CP] Check Pods Manifest.lock */,
				11B42DC22AD7FC2100E83190 /* Sources */,
				11B42DC32AD7FC2100E83190 /* Frameworks */,
				11B42DC42AD7FC2100E83190 /* Resources */,
				097AF834DF548170B3F05027 /* [CP] Embed Pods Frameworks */,
			);
			buildRules = (
			);
			dependencies = (
			);
			name = Clean_Architecture_MVVMC;
			productName = Clean_Architecture_MVVMC;
			productReference = 11B42DC62AD7FC2100E83190 /* Clean_Architecture_MVVMC.app */;
			productType = "com.apple.product-type.application";
		};
		11B42DDB2AD7FC2300E83190 /* Clean_Architecture_MVVMCTests */ = {
			isa = PBXNativeTarget;
			buildConfigurationList = 11B42DF32AD7FC2300E83190 /* Build configuration list for PBXNativeTarget "Clean_Architecture_MVVMCTests" */;
			buildPhases = (
				D75700401FD8FEF1EB77F1EB /* [CP] Check Pods Manifest.lock */,
				11B42DD82AD7FC2300E83190 /* Sources */,
				11B42DD92AD7FC2300E83190 /* Frameworks */,
				11B42DDA2AD7FC2300E83190 /* Resources */,
				4ABE05669780661D202D4901 /* [CP] Embed Pods Frameworks */,
			);
			buildRules = (
			);
			dependencies = (
				11B42DDE2AD7FC2300E83190 /* PBXTargetDependency */,
			);
			name = Clean_Architecture_MVVMCTests;
			productName = Clean_Architecture_MVVMCTests;
			productReference = 11B42DDC2AD7FC2300E83190 /* Clean_Architecture_MVVMCTests.xctest */;
			productType = "com.apple.product-type.bundle.unit-test";
		};
/* End PBXNativeTarget section */

/* Begin PBXProject section */
		11B42DBE2AD7FC2100E83190 /* Project object */ = {
			isa = PBXProject;
			attributes = {
				BuildIndependentTargetsInParallel = 1;
				LastSwiftUpdateCheck = 1500;
				LastUpgradeCheck = 1500;
				TargetAttributes = {
					11B42DC52AD7FC2100E83190 = {
						CreatedOnToolsVersion = 15.0;
					};
					11B42DDB2AD7FC2300E83190 = {
						CreatedOnToolsVersion = 15.0;
						TestTargetID = 11B42DC52AD7FC2100E83190;
					};
				};
			};
			buildConfigurationList = 11B42DC12AD7FC2100E83190 /* Build configuration list for PBXProject "Clean_Architecture_MVVMC" */;
			compatibilityVersion = "Xcode 14.0";
			developmentRegion = en;
			hasScannedForEncodings = 0;
			knownRegions = (
				en,
				Base,
			);
			mainGroup = 11B42DBD2AD7FC2100E83190;
			productRefGroup = 11B42DC72AD7FC2100E83190 /* Products */;
			projectDirPath = "";
			projectRoot = "";
			targets = (
				11B42DC52AD7FC2100E83190 /* Clean_Architecture_MVVMC */,
				11B42DDB2AD7FC2300E83190 /* Clean_Architecture_MVVMCTests */,
			);
		};
/* End PBXProject section */

/* Begin PBXResourcesBuildPhase section */
		11B42DC42AD7FC2100E83190 /* Resources */ = {
			isa = PBXResourcesBuildPhase;
			buildActionMask = 2147483647;
			files = (
				11B42E0E2AD802AD00E83190 /* .gitignore in Resources */,
				11354A0A2AD937F200924529 /* swift_inject.csv in Resources */,
				11B42E042AD7FEEE00E83190 /* gen_resources.sh in Resources */,
				11354A0E2AD9383600924529 /* gen_swift_inject.sh in Resources */,
				11B42DD62AD7FC2300E83190 /* LaunchScreen.storyboard in Resources */,
				11B42DFF2AD7FE8700E83190 /* swiftgen.yml in Resources */,
				11B42DFC2AD7FD6B00E83190 /* Assets.xcassets in Resources */,
				11B42DFD2AD7FD6B00E83190 /* Localizable in Resources */,
				11B42DD12AD7FC2100E83190 /* Main.storyboard in Resources */,
			);
			runOnlyForDeploymentPostprocessing = 0;
		};
		11B42DDA2AD7FC2300E83190 /* Resources */ = {
			isa = PBXResourcesBuildPhase;
			buildActionMask = 2147483647;
			files = (
				11354A0B2AD937F200924529 /* swift_inject.csv in Resources */,
			);
			runOnlyForDeploymentPostprocessing = 0;
		};
/* End PBXResourcesBuildPhase section */

/* Begin PBXShellScriptBuildPhase section */
		097AF834DF548170B3F05027 /* [CP] Embed Pods Frameworks */ = {
			isa = PBXShellScriptBuildPhase;
			buildActionMask = 2147483647;
			files = (
			);
			inputFileListPaths = (
				"${PODS_ROOT}/Target Support Files/Pods-Clean_Architecture_MVVMC/Pods-Clean_Architecture_MVVMC-frameworks-${CONFIGURATION}-input-files.xcfilelist",
			);
			name = "[CP] Embed Pods Frameworks";
			outputFileListPaths = (
				"${PODS_ROOT}/Target Support Files/Pods-Clean_Architecture_MVVMC/Pods-Clean_Architecture_MVVMC-frameworks-${CONFIGURATION}-output-files.xcfilelist",
			);
			runOnlyForDeploymentPostprocessing = 0;
			shellPath = /bin/sh;
			shellScript = "\"${PODS_ROOT}/Target Support Files/Pods-Clean_Architecture_MVVMC/Pods-Clean_Architecture_MVVMC-frameworks.sh\"\n";
			showEnvVarsInLog = 0;
		};
		4178978A76469701207BC13F /* [CP] Check Pods Manifest.lock */ = {
			isa = PBXShellScriptBuildPhase;
			buildActionMask = 2147483647;
			files = (
			);
			inputFileListPaths = (
			);
			inputPaths = (
				"${PODS_PODFILE_DIR_PATH}/Podfile.lock",
				"${PODS_ROOT}/Manifest.lock",
			);
			name = "[CP] Check Pods Manifest.lock";
			outputFileListPaths = (
			);
			outputPaths = (
				"$(DERIVED_FILE_DIR)/Pods-Clean_Architecture_MVVMC-checkManifestLockResult.txt",
			);
			runOnlyForDeploymentPostprocessing = 0;
			shellPath = /bin/sh;
			shellScript = "diff \"${PODS_PODFILE_DIR_PATH}/Podfile.lock\" \"${PODS_ROOT}/Manifest.lock\" > /dev/null\nif [ $? != 0 ] ; then\n    # print error to STDERR\n    echo \"error: The sandbox is not in sync with the Podfile.lock. Run 'pod install' or update your CocoaPods installation.\" >&2\n    exit 1\nfi\n# This output is used by Xcode 'outputs' to avoid re-running this script phase.\necho \"SUCCESS\" > \"${SCRIPT_OUTPUT_FILE_0}\"\n";
			showEnvVarsInLog = 0;
		};
		4ABE05669780661D202D4901 /* [CP] Embed Pods Frameworks */ = {
			isa = PBXShellScriptBuildPhase;
			buildActionMask = 2147483647;
			files = (
			);
			inputFileListPaths = (
				"${PODS_ROOT}/Target Support Files/Pods-Clean_Architecture_MVVMCTests/Pods-Clean_Architecture_MVVMCTests-frameworks-${CONFIGURATION}-input-files.xcfilelist",
			);
			name = "[CP] Embed Pods Frameworks";
			outputFileListPaths = (
				"${PODS_ROOT}/Target Support Files/Pods-Clean_Architecture_MVVMCTests/Pods-Clean_Architecture_MVVMCTests-frameworks-${CONFIGURATION}-output-files.xcfilelist",
			);
			runOnlyForDeploymentPostprocessing = 0;
			shellPath = /bin/sh;
			shellScript = "\"${PODS_ROOT}/Target Support Files/Pods-Clean_Architecture_MVVMCTests/Pods-Clean_Architecture_MVVMCTests-frameworks.sh\"\n";
			showEnvVarsInLog = 0;
		};
		D75700401FD8FEF1EB77F1EB /* [CP] Check Pods Manifest.lock */ = {
			isa = PBXShellScriptBuildPhase;
			buildActionMask = 2147483647;
			files = (
			);
			inputFileListPaths = (
			);
			inputPaths = (
				"${PODS_PODFILE_DIR_PATH}/Podfile.lock",
				"${PODS_ROOT}/Manifest.lock",
			);
			name = "[CP] Check Pods Manifest.lock";
			outputFileListPaths = (
			);
			outputPaths = (
				"$(DERIVED_FILE_DIR)/Pods-Clean_Architecture_MVVMCTests-checkManifestLockResult.txt",
			);
			runOnlyForDeploymentPostprocessing = 0;
			shellPath = /bin/sh;
			shellScript = "diff \"${PODS_PODFILE_DIR_PATH}/Podfile.lock\" \"${PODS_ROOT}/Manifest.lock\" > /dev/null\nif [ $? != 0 ] ; then\n    # print error to STDERR\n    echo \"error: The sandbox is not in sync with the Podfile.lock. Run 'pod install' or update your CocoaPods installation.\" >&2\n    exit 1\nfi\n# This output is used by Xcode 'outputs' to avoid re-running this script phase.\necho \"SUCCESS\" > \"${SCRIPT_OUTPUT_FILE_0}\"\n";
			showEnvVarsInLog = 0;
		};
/* End PBXShellScriptBuildPhase section */

/* Begin PBXSourcesBuildPhase section */
		11B42DC22AD7FC2100E83190 /* Sources */ = {
			isa = PBXSourcesBuildPhase;
			buildActionMask = 2147483647;
			files = (
				11354A1F2AD94D6300924529 /* GetLocalAccessTokenUseCase.swift in Sources */,
				11B42DCE2AD7FC2100E83190 /* LoginViewController.swift in Sources */,
				11354A242AD95D6E00924529 /* UserManager.swift in Sources */,
				11354A022AD9350700924529 /* BaseCoordinator.swift in Sources */,
				11354A2D2AD97C0300924529 /* GetUserSessionStatusUseCase.swift in Sources */,
				11354A312AD990B600924529 /* BaseViewController.swift in Sources */,
				11354A392ADBC62300924529 /* APIDataSource.swift in Sources */,
				11B42E352AD900BA00E83190 /* LoginViewModel.swift in Sources */,
				11354A162AD9432000924529 /* AppCoordinator.swift in Sources */,
				11354A352ADB085A00924529 /* AppViewModel.swift in Sources */,
				11B42E2C2AD8FD0400E83190 /* ProfileEntity.swift in Sources */,
				11B42DCA2AD7FC2100E83190 /* AppDelegate.swift in Sources */,
				11354A1B2AD94D2D00924529 /* AuthViewModel.swift in Sources */,
				11354A282AD95E2E00924529 /* AuthCoordinator.swift in Sources */,
				11354A102AD93A7A00924529 /* Localizable+Generated.swift in Sources */,
				11B42E3A2AD900D900E83190 /* BaseViewModel.swift in Sources */,
				11B42E282AD8FB6100E83190 /* AuthenticationRepositoryImpl.swift in Sources */,
				11B42E312AD8FD8400E83190 /* LoginUserUseCase.swift in Sources */,
				11354A142AD93B8C00924529 /* SwiftDI+Generated.swift in Sources */,
				11B42E202AD8F73100E83190 /* UseCase.swift in Sources */,
				11B42DCC2AD7FC2100E83190 /* SceneDelegate.swift in Sources */,
				11B42E082AD7FFEF00E83190 /* XCAssets+Generated.swift in Sources */,
				11B42E242AD8FABD00E83190 /* AuthenticationRepository.swift in Sources */,
			);
			runOnlyForDeploymentPostprocessing = 0;
		};
		11B42DD82AD7FC2300E83190 /* Sources */ = {
			isa = PBXSourcesBuildPhase;
			buildActionMask = 2147483647;
			files = (
				11354A172AD9432000924529 /* AppCoordinator.swift in Sources */,
				11B42E2D2AD8FD0400E83190 /* ProfileEntity.swift in Sources */,
				11354A252AD95D6E00924529 /* UserManager.swift in Sources */,
				11B42E322AD8FD8400E83190 /* LoginUserUseCase.swift in Sources */,
				11B42E252AD8FABD00E83190 /* AuthenticationRepository.swift in Sources */,
				11B42DE12AD7FC2300E83190 /* Clean_Architecture_MVVMCTests.swift in Sources */,
				11354A202AD94D6300924529 /* GetLocalAccessTokenUseCase.swift in Sources */,
				11354A362ADB085A00924529 /* AppViewModel.swift in Sources */,
				11B42E212AD8F73100E83190 /* UseCase.swift in Sources */,
				11354A412ADD173200924529 /* AuthViewModel_Tests.swift in Sources */,
				11B42E3B2AD900D900E83190 /* BaseViewModel.swift in Sources */,
				11354A292AD95E2E00924529 /* AuthCoordinator.swift in Sources */,
				11354A3A2ADBC62300924529 /* APIDataSource.swift in Sources */,
				11354A1C2AD94D2D00924529 /* AuthViewModel.swift in Sources */,
				11354A482ADD19CB00924529 /* Mock + Common .swift in Sources */,
				11354A432ADD18D900924529 /* GetUserSessionStatusUseCaseMock.swift in Sources */,
				11354A4B2ADD3A7000924529 /* LoginViewModel_Test.swift in Sources */,
				11B42E292AD8FB6100E83190 /* AuthenticationRepositoryImpl.swift in Sources */,
				11B42E362AD900BA00E83190 /* LoginViewModel.swift in Sources */,
				11354A322AD990B600924529 /* BaseViewController.swift in Sources */,
				11354A032AD9350700924529 /* BaseCoordinator.swift in Sources */,
				11354A2E2AD97C0300924529 /* GetUserSessionStatusUseCase.swift in Sources */,
			);
			runOnlyForDeploymentPostprocessing = 0;
		};
/* End PBXSourcesBuildPhase section */

/* Begin PBXTargetDependency section */
		11B42DDE2AD7FC2300E83190 /* PBXTargetDependency */ = {
			isa = PBXTargetDependency;
			target = 11B42DC52AD7FC2100E83190 /* Clean_Architecture_MVVMC */;
			targetProxy = 11B42DDD2AD7FC2300E83190 /* PBXContainerItemProxy */;
		};
/* End PBXTargetDependency section */

/* Begin PBXVariantGroup section */
		11B42DCF2AD7FC2100E83190 /* Main.storyboard */ = {
			isa = PBXVariantGroup;
			children = (
				11B42DD02AD7FC2100E83190 /* Base */,
			);
			name = Main.storyboard;
			sourceTree = "<group>";
		};
		11B42DD42AD7FC2300E83190 /* LaunchScreen.storyboard */ = {
			isa = PBXVariantGroup;
			children = (
				11B42DD52AD7FC2300E83190 /* Base */,
			);
			name = LaunchScreen.storyboard;
			sourceTree = "<group>";
		};
/* End PBXVariantGroup section */

/* Begin XCBuildConfiguration section */
		11B42DEE2AD7FC2300E83190 /* Debug */ = {
			isa = XCBuildConfiguration;
			buildSettings = {
				ALWAYS_SEARCH_USER_PATHS = NO;
				ASSETCATALOG_COMPILER_GENERATE_SWIFT_ASSET_SYMBOL_EXTENSIONS = YES;
				CLANG_ANALYZER_NONNULL = YES;
				CLANG_ANALYZER_NUMBER_OBJECT_CONVERSION = YES_AGGRESSIVE;
				CLANG_CXX_LANGUAGE_STANDARD = "gnu++20";
				CLANG_ENABLE_MODULES = YES;
				CLANG_ENABLE_OBJC_ARC = YES;
				CLANG_ENABLE_OBJC_WEAK = YES;
				CLANG_WARN_BLOCK_CAPTURE_AUTORELEASING = YES;
				CLANG_WARN_BOOL_CONVERSION = YES;
				CLANG_WARN_COMMA = YES;
				CLANG_WARN_CONSTANT_CONVERSION = YES;
				CLANG_WARN_DEPRECATED_OBJC_IMPLEMENTATIONS = YES;
				CLANG_WARN_DIRECT_OBJC_ISA_USAGE = YES_ERROR;
				CLANG_WARN_DOCUMENTATION_COMMENTS = YES;
				CLANG_WARN_EMPTY_BODY = YES;
				CLANG_WARN_ENUM_CONVERSION = YES;
				CLANG_WARN_INFINITE_RECURSION = YES;
				CLANG_WARN_INT_CONVERSION = YES;
				CLANG_WARN_NON_LITERAL_NULL_CONVERSION = YES;
				CLANG_WARN_OBJC_IMPLICIT_RETAIN_SELF = YES;
				CLANG_WARN_OBJC_LITERAL_CONVERSION = YES;
				CLANG_WARN_OBJC_ROOT_CLASS = YES_ERROR;
				CLANG_WARN_QUOTED_INCLUDE_IN_FRAMEWORK_HEADER = YES;
				CLANG_WARN_RANGE_LOOP_ANALYSIS = YES;
				CLANG_WARN_STRICT_PROTOTYPES = YES;
				CLANG_WARN_SUSPICIOUS_MOVE = YES;
				CLANG_WARN_UNGUARDED_AVAILABILITY = YES_AGGRESSIVE;
				CLANG_WARN_UNREACHABLE_CODE = YES;
				CLANG_WARN__DUPLICATE_METHOD_MATCH = YES;
				COPY_PHASE_STRIP = NO;
				DEBUG_INFORMATION_FORMAT = dwarf;
				ENABLE_STRICT_OBJC_MSGSEND = YES;
				ENABLE_TESTABILITY = YES;
				ENABLE_USER_SCRIPT_SANDBOXING = YES;
				GCC_C_LANGUAGE_STANDARD = gnu17;
				GCC_DYNAMIC_NO_PIC = NO;
				GCC_NO_COMMON_BLOCKS = YES;
				GCC_OPTIMIZATION_LEVEL = 0;
				GCC_PREPROCESSOR_DEFINITIONS = (
					"DEBUG=1",
					"$(inherited)",
				);
				GCC_WARN_64_TO_32_BIT_CONVERSION = YES;
				GCC_WARN_ABOUT_RETURN_TYPE = YES_ERROR;
				GCC_WARN_UNDECLARED_SELECTOR = YES;
				GCC_WARN_UNINITIALIZED_AUTOS = YES_AGGRESSIVE;
				GCC_WARN_UNUSED_FUNCTION = YES;
				GCC_WARN_UNUSED_VARIABLE = YES;
				IPHONEOS_DEPLOYMENT_TARGET = 13.0;
				LOCALIZATION_PREFERS_STRING_CATALOGS = YES;
				MTL_ENABLE_DEBUG_INFO = INCLUDE_SOURCE;
				MTL_FAST_MATH = YES;
				ONLY_ACTIVE_ARCH = YES;
				SDKROOT = iphoneos;
				SWIFT_ACTIVE_COMPILATION_CONDITIONS = "DEBUG $(inherited)";
				SWIFT_OPTIMIZATION_LEVEL = "-Onone";
			};
			name = Debug;
		};
		11B42DEF2AD7FC2300E83190 /* Release */ = {
			isa = XCBuildConfiguration;
			buildSettings = {
				ALWAYS_SEARCH_USER_PATHS = NO;
				ASSETCATALOG_COMPILER_GENERATE_SWIFT_ASSET_SYMBOL_EXTENSIONS = YES;
				CLANG_ANALYZER_NONNULL = YES;
				CLANG_ANALYZER_NUMBER_OBJECT_CONVERSION = YES_AGGRESSIVE;
				CLANG_CXX_LANGUAGE_STANDARD = "gnu++20";
				CLANG_ENABLE_MODULES = YES;
				CLANG_ENABLE_OBJC_ARC = YES;
				CLANG_ENABLE_OBJC_WEAK = YES;
				CLANG_WARN_BLOCK_CAPTURE_AUTORELEASING = YES;
				CLANG_WARN_BOOL_CONVERSION = YES;
				CLANG_WARN_COMMA = YES;
				CLANG_WARN_CONSTANT_CONVERSION = YES;
				CLANG_WARN_DEPRECATED_OBJC_IMPLEMENTATIONS = YES;
				CLANG_WARN_DIRECT_OBJC_ISA_USAGE = YES_ERROR;
				CLANG_WARN_DOCUMENTATION_COMMENTS = YES;
				CLANG_WARN_EMPTY_BODY = YES;
				CLANG_WARN_ENUM_CONVERSION = YES;
				CLANG_WARN_INFINITE_RECURSION = YES;
				CLANG_WARN_INT_CONVERSION = YES;
				CLANG_WARN_NON_LITERAL_NULL_CONVERSION = YES;
				CLANG_WARN_OBJC_IMPLICIT_RETAIN_SELF = YES;
				CLANG_WARN_OBJC_LITERAL_CONVERSION = YES;
				CLANG_WARN_OBJC_ROOT_CLASS = YES_ERROR;
				CLANG_WARN_QUOTED_INCLUDE_IN_FRAMEWORK_HEADER = YES;
				CLANG_WARN_RANGE_LOOP_ANALYSIS = YES;
				CLANG_WARN_STRICT_PROTOTYPES = YES;
				CLANG_WARN_SUSPICIOUS_MOVE = YES;
				CLANG_WARN_UNGUARDED_AVAILABILITY = YES_AGGRESSIVE;
				CLANG_WARN_UNREACHABLE_CODE = YES;
				CLANG_WARN__DUPLICATE_METHOD_MATCH = YES;
				COPY_PHASE_STRIP = NO;
				DEBUG_INFORMATION_FORMAT = "dwarf-with-dsym";
				ENABLE_NS_ASSERTIONS = NO;
				ENABLE_STRICT_OBJC_MSGSEND = YES;
				ENABLE_USER_SCRIPT_SANDBOXING = YES;
				GCC_C_LANGUAGE_STANDARD = gnu17;
				GCC_NO_COMMON_BLOCKS = YES;
				GCC_WARN_64_TO_32_BIT_CONVERSION = YES;
				GCC_WARN_ABOUT_RETURN_TYPE = YES_ERROR;
				GCC_WARN_UNDECLARED_SELECTOR = YES;
				GCC_WARN_UNINITIALIZED_AUTOS = YES_AGGRESSIVE;
				GCC_WARN_UNUSED_FUNCTION = YES;
				GCC_WARN_UNUSED_VARIABLE = YES;
				IPHONEOS_DEPLOYMENT_TARGET = 13.0;
				LOCALIZATION_PREFERS_STRING_CATALOGS = YES;
				MTL_ENABLE_DEBUG_INFO = NO;
				MTL_FAST_MATH = YES;
				SDKROOT = iphoneos;
				SWIFT_COMPILATION_MODE = wholemodule;
				VALIDATE_PRODUCT = YES;
			};
			name = Release;
		};
		11B42DF12AD7FC2300E83190 /* Debug */ = {
			isa = XCBuildConfiguration;
			baseConfigurationReference = B190AF60B5C93C8F834D011D /* Pods-Clean_Architecture_MVVMC.debug.xcconfig */;
			buildSettings = {
				ASSETCATALOG_COMPILER_APPICON_NAME = AppIcon;
				ASSETCATALOG_COMPILER_GLOBAL_ACCENT_COLOR_NAME = AccentColor;
				CODE_SIGN_IDENTITY = "Apple Development";
				"CODE_SIGN_IDENTITY[sdk=iphoneos*]" = "iPhone Distribution";
				CODE_SIGN_STYLE = Manual;
				CURRENT_PROJECT_VERSION = 1;
				DEVELOPMENT_TEAM = "";
				"DEVELOPMENT_TEAM[sdk=iphoneos*]" = F5488GP364;
				ENABLE_USER_SCRIPT_SANDBOXING = NO;
				GENERATE_INFOPLIST_FILE = YES;
				INFOPLIST_FILE = Clean_Architecture_MVVMC/Info.plist;
				INFOPLIST_KEY_UIApplicationSupportsIndirectInputEvents = YES;
				INFOPLIST_KEY_UILaunchStoryboardName = LaunchScreen;
				INFOPLIST_KEY_UIMainStoryboardFile = Main;
				INFOPLIST_KEY_UISupportedInterfaceOrientations_iPad = "UIInterfaceOrientationPortrait UIInterfaceOrientationPortraitUpsideDown UIInterfaceOrientationLandscapeLeft UIInterfaceOrientationLandscapeRight";
				INFOPLIST_KEY_UISupportedInterfaceOrientations_iPhone = "UIInterfaceOrientationPortrait UIInterfaceOrientationLandscapeLeft UIInterfaceOrientationLandscapeRight";
				IPHONEOS_DEPLOYMENT_TARGET = 13.0;
				LD_RUNPATH_SEARCH_PATHS = (
					"$(inherited)",
					"@executable_path/Frameworks",
				);
				MARKETING_VERSION = 1.0;
				PRODUCT_BUNDLE_IDENTIFIER = com.meetai.dating.ios.dev1;
				PRODUCT_NAME = "$(TARGET_NAME)";
				PROVISIONING_PROFILE_SPECIFIER = "";
				"PROVISIONING_PROFILE_SPECIFIER[sdk=iphoneos*]" = "match AdHoc com.meetai.dating.ios.dev1";
				SWIFT_EMIT_LOC_STRINGS = YES;
				SWIFT_VERSION = 5.0;
				TARGETED_DEVICE_FAMILY = "1,2";
			};
			name = Debug;
		};
		11B42DF22AD7FC2300E83190 /* Release */ = {
			isa = XCBuildConfiguration;
			baseConfigurationReference = 5CF4E85D72198F5E60F80B29 /* Pods-Clean_Architecture_MVVMC.release.xcconfig */;
			buildSettings = {
				ASSETCATALOG_COMPILER_APPICON_NAME = AppIcon;
				ASSETCATALOG_COMPILER_GLOBAL_ACCENT_COLOR_NAME = AccentColor;
				CODE_SIGN_IDENTITY = "Apple Development";
				"CODE_SIGN_IDENTITY[sdk=iphoneos*]" = "iPhone Distribution";
				CODE_SIGN_STYLE = Manual;
				CURRENT_PROJECT_VERSION = 1;
				DEVELOPMENT_TEAM = "";
				"DEVELOPMENT_TEAM[sdk=iphoneos*]" = F5488GP364;
				ENABLE_USER_SCRIPT_SANDBOXING = NO;
				GENERATE_INFOPLIST_FILE = YES;
				INFOPLIST_FILE = Clean_Architecture_MVVMC/Info.plist;
				INFOPLIST_KEY_UIApplicationSupportsIndirectInputEvents = YES;
				INFOPLIST_KEY_UILaunchStoryboardName = LaunchScreen;
				INFOPLIST_KEY_UIMainStoryboardFile = Main;
				INFOPLIST_KEY_UISupportedInterfaceOrientations_iPad = "UIInterfaceOrientationPortrait UIInterfaceOrientationPortraitUpsideDown UIInterfaceOrientationLandscapeLeft UIInterfaceOrientationLandscapeRight";
				INFOPLIST_KEY_UISupportedInterfaceOrientations_iPhone = "UIInterfaceOrientationPortrait UIInterfaceOrientationLandscapeLeft UIInterfaceOrientationLandscapeRight";
				IPHONEOS_DEPLOYMENT_TARGET = 13.0;
				LD_RUNPATH_SEARCH_PATHS = (
					"$(inherited)",
					"@executable_path/Frameworks",
				);
				MARKETING_VERSION = 1.0;
				PRODUCT_BUNDLE_IDENTIFIER = com.meetai.dating.ios.dev1;
				PRODUCT_NAME = "$(TARGET_NAME)";
				PROVISIONING_PROFILE_SPECIFIER = "";
				"PROVISIONING_PROFILE_SPECIFIER[sdk=iphoneos*]" = "match AdHoc com.meetai.dating.ios.dev1";
				SWIFT_EMIT_LOC_STRINGS = YES;
				SWIFT_VERSION = 5.0;
				TARGETED_DEVICE_FAMILY = "1,2";
			};
			name = Release;
		};
		11B42DF42AD7FC2300E83190 /* Debug */ = {
			isa = XCBuildConfiguration;
			baseConfigurationReference = ECCE33216BBD1EBFB308DB19 /* Pods-Clean_Architecture_MVVMCTests.debug.xcconfig */;
			buildSettings = {
				ALWAYS_EMBED_SWIFT_STANDARD_LIBRARIES = YES;
				BUNDLE_LOADER = "$(TEST_HOST)";
				CODE_SIGN_IDENTITY = "Apple Development";
				CODE_SIGN_STYLE = Manual;
				CURRENT_PROJECT_VERSION = 1;
				DEVELOPMENT_TEAM = "";
				"DEVELOPMENT_TEAM[sdk=iphoneos*]" = F5488GP364;
				"DEVELOPMENT_TEAM[sdk=macosx*]" = F5488GP364;
				ENABLE_USER_SCRIPT_SANDBOXING = NO;
				GENERATE_INFOPLIST_FILE = YES;
				IPHONEOS_DEPLOYMENT_TARGET = 13.0;
				MARKETING_VERSION = 1.0;
				PRODUCT_BUNDLE_IDENTIFIER = com.meetai.dating.ios.dev1;
				PRODUCT_NAME = "$(TARGET_NAME)";
				PROVISIONING_PROFILE_SPECIFIER = "";
				"PROVISIONING_PROFILE_SPECIFIER[sdk=macosx*]" = "";
				SWIFT_EMIT_LOC_STRINGS = NO;
				SWIFT_VERSION = 5.0;
				TARGETED_DEVICE_FAMILY = "1,2";
				TEST_HOST = "$(BUILT_PRODUCTS_DIR)/Clean_Architecture_MVVMC.app/$(BUNDLE_EXECUTABLE_FOLDER_PATH)/Clean_Architecture_MVVMC";
			};
			name = Debug;
		};
		11B42DF52AD7FC2300E83190 /* Release */ = {
			isa = XCBuildConfiguration;
			baseConfigurationReference = B87FA87A661548AFBF9ACC18 /* Pods-Clean_Architecture_MVVMCTests.release.xcconfig */;
			buildSettings = {
				ALWAYS_EMBED_SWIFT_STANDARD_LIBRARIES = YES;
				BUNDLE_LOADER = "$(TEST_HOST)";
				CODE_SIGN_IDENTITY = "Apple Development";
				CODE_SIGN_STYLE = Manual;
				CURRENT_PROJECT_VERSION = 1;
				DEVELOPMENT_TEAM = "";
				"DEVELOPMENT_TEAM[sdk=iphoneos*]" = F5488GP364;
				"DEVELOPMENT_TEAM[sdk=macosx*]" = F5488GP364;
				ENABLE_USER_SCRIPT_SANDBOXING = NO;
				GENERATE_INFOPLIST_FILE = YES;
				IPHONEOS_DEPLOYMENT_TARGET = 13.0;
				MARKETING_VERSION = 1.0;
				PRODUCT_BUNDLE_IDENTIFIER = com.meetai.dating.ios.dev1;
				PRODUCT_NAME = "$(TARGET_NAME)";
				PROVISIONING_PROFILE_SPECIFIER = "";
				"PROVISIONING_PROFILE_SPECIFIER[sdk=macosx*]" = "";
				SWIFT_EMIT_LOC_STRINGS = NO;
				SWIFT_VERSION = 5.0;
				TARGETED_DEVICE_FAMILY = "1,2";
				TEST_HOST = "$(BUILT_PRODUCTS_DIR)/Clean_Architecture_MVVMC.app/$(BUNDLE_EXECUTABLE_FOLDER_PATH)/Clean_Architecture_MVVMC";
			};
			name = Release;
		};
/* End XCBuildConfiguration section */

/* Begin XCConfigurationList section */
		11B42DC12AD7FC2100E83190 /* Build configuration list for PBXProject "Clean_Architecture_MVVMC" */ = {
			isa = XCConfigurationList;
			buildConfigurations = (
				11B42DEE2AD7FC2300E83190 /* Debug */,
				11B42DEF2AD7FC2300E83190 /* Release */,
			);
			defaultConfigurationIsVisible = 0;
			defaultConfigurationName = Release;
		};
		11B42DF02AD7FC2300E83190 /* Build configuration list for PBXNativeTarget "Clean_Architecture_MVVMC" */ = {
			isa = XCConfigurationList;
			buildConfigurations = (
				11B42DF12AD7FC2300E83190 /* Debug */,
				11B42DF22AD7FC2300E83190 /* Release */,
			);
			defaultConfigurationIsVisible = 0;
			defaultConfigurationName = Release;
		};
		11B42DF32AD7FC2300E83190 /* Build configuration list for PBXNativeTarget "Clean_Architecture_MVVMCTests" */ = {
			isa = XCConfigurationList;
			buildConfigurations = (
				11B42DF42AD7FC2300E83190 /* Debug */,
				11B42DF52AD7FC2300E83190 /* Release */,
			);
			defaultConfigurationIsVisible = 0;
			defaultConfigurationName = Release;
		};
/* End XCConfigurationList section */
	};
	rootObject = 11B42DBE2AD7FC2100E83190 /* Project object */;
}
